
Microsoft Visual Studio Solution File, Format Version 12.00
# Visual Studio Version 17
VisualStudioVersion = 17.11.35327.3
MinimumVisualStudioVersion = 10.0.40219.1
Project("{FAE04EC0-301F-11D3-BF4B-00C04F79EFBC}") = "RenameDBZ", "RenameDBZ\RenameDBZ.csproj", "{AF91CF33-2DC8-4088-A69D-940FDA11F187}"
EndProject
Global
	GlobalSection(SolutionConfigurationPlatforms) = preSolution
		Debug|Any CPU = Debug|Any CPU
		Release|Any CPU = Release|Any CPU
	EndGlobalSection
	GlobalSection(ProjectConfigurationPlatforms) = postSolution
		{AF91CF33-2DC8-4088-A69D-940FDA11F187}.Debug|Any CPU.ActiveCfg = Debug|Any CPU
		{AF91CF33-2DC8-4088-A69D-940FDA11F187}.Debug|Any CPU.Build.0 = Debug|Any CPU
		{AF91CF33-2DC8-4088-A69D-940FDA11F187}.Release|Any CPU.ActiveCfg = Release|Any CPU
		{AF91CF33-2DC8-4088-A69D-940FDA11F187}.Release|Any CPU.Build.0 = Release|Any CPU
	EndGlobalSection
	GlobalSection(SolutionProperties) = preSolution
		HideSolutionNode = FALSE
	EndGlobalSection
	GlobalSection(ExtensibilityGlobals) = postSolution
		SolutionGuid = {6E629037-1031-4BEB-B4D7-43A34E37F85C}
	EndGlobalSection
EndGlobal
